Microsoft Visual Studio Solution File, Format Version 12.00
# Visual Studio Version 17
VisualStudioVersion = 17.5.2.0
MinimumVisualStudioVersion = 10.0.40219.1
Project("{FAE04EC0-301F-11D3-BF4B-00C04F79EFBC}") = "BlackjackServer", "BlackjackServer\BlackjackServer.csproj", "{0254DE33-BCBB-13B6-3F1F-C9FDD8139A10}"
EndProject
Global
	GlobalSection(SolutionConfigurationPlatforms) = preSolution
		Debug|Any CPU = Debug|Any CPU
		Release|Any CPU = Release|Any CPU
	EndGlobalSection
	GlobalSection(ProjectConfigurationPlatforms) = postSolution
		{0254DE33-BCBB-13B6-3F1F-C9FDD8139A10}.Debug|Any CPU.ActiveCfg = Debug|Any CPU
		{0254DE33-BCBB-13B6-3F1F-C9FDD8139A10}.Debug|Any CPU.Build.0 = Debug|Any CPU
		{0254DE33-BCBB-13B6-3F1F-C9FDD8139A10}.Release|Any CPU.ActiveCfg = Release|Any CPU
		{0254DE33-BCBB-13B6-3F1F-C9FDD8139A10}.Release|Any CPU.Build.0 = Release|Any CPU
	EndGlobalSection
	GlobalSection(SolutionProperties) = preSolution
		HideSolutionNode = FALSE
	EndGlobalSection
	GlobalSection(ExtensibilityGlobals) = postSolution
		SolutionGuid = {DE3C9D01-41F2-4FA2-9175-3501D377ED6A}
	EndGlobalSection
EndGlobal
